// !$*UTF8*$!
{
	archiveVersion = 1;
	classes = {
	};
	objectVersion = 46;
	objects = {

/* Begin PBXBuildFile section */
		28080FA719161C7100FE8EF2 /* MLApiClient.m in Sources */ = {isa = PBXBuildFile; fileRef = 28080FA619161C7100FE8EF2 /* MLApiClient.m */; };
		28080FAC1916E4A200FE8EF2 /* MLUserInfo.m in Sources */ = {isa = PBXBuildFile; fileRef = 28080FAB1916E4A200FE8EF2 /* MLUserInfo.m */; };
		28080FAE1917F1B100FE8EF2 /* comment-square-2x.png in Resources */ = {isa = PBXBuildFile; fileRef = 28080FAD1917F1B100FE8EF2 /* comment-square-2x.png */; };
		28080FB01917F1D100FE8EF2 /* heart-2x.png in Resources */ = {isa = PBXBuildFile; fileRef = 28080FAF1917F1D100FE8EF2 /* heart-2x.png */; };
		28080FB21917F67600FE8EF2 /* comment-square-3x.png in Resources */ = {isa = PBXBuildFile; fileRef = 28080FB11917F67600FE8EF2 /* comment-square-3x.png */; };
		28080FB41917F68500FE8EF2 /* heart-3x.png in Resources */ = {isa = PBXBuildFile; fileRef = 28080FB31917F68500FE8EF2 /* heart-3x.png */; };
		28080FBC191833FC00FE8EF2 /* comment_off_24.png in Resources */ = {isa = PBXBuildFile; fileRef = 28080FB8191833FC00FE8EF2 /* comment_off_24.png */; };
		28080FBD191833FC00FE8EF2 /* comment_on_24.png in Resources */ = {isa = PBXBuildFile; fileRef = 28080FB9191833FC00FE8EF2 /* comment_on_24.png */; };
		28080FBE191833FC00FE8EF2 /* heart_off_24.png in Resources */ = {isa = PBXBuildFile; fileRef = 28080FBA191833FC00FE8EF2 /* heart_off_24.png */; };
		28080FBF191833FC00FE8EF2 /* heart_on_24.png in Resources */ = {isa = PBXBuildFile; fileRef = 28080FBB191833FC00FE8EF2 /* heart_on_24.png */; };
		28080FCD19183EF600FE8EF2 /* camera_64.png in Resources */ = {isa = PBXBuildFile; fileRef = 28080FCA19183EF500FE8EF2 /* camera_64.png */; };
		28080FCE19183EF600FE8EF2 /* compose_64.png in Resources */ = {isa = PBXBuildFile; fileRef = 28080FCB19183EF600FE8EF2 /* compose_64.png */; };
		28080FCF19183EF600FE8EF2 /* shuffle_64.png in Resources */ = {isa = PBXBuildFile; fileRef = 28080FCC19183EF600FE8EF2 /* shuffle_64.png */; };
		28080FD51918A00100FE8EF2 /* UIImage+BlurredFrame.m in Sources */ = {isa = PBXBuildFile; fileRef = 28080FD21918A00100FE8EF2 /* UIImage+BlurredFrame.m */; };
		28080FD61918A00100FE8EF2 /* UIImage+ImageEffects.m in Sources */ = {isa = PBXBuildFile; fileRef = 28080FD41918A00100FE8EF2 /* UIImage+ImageEffects.m */; };
		2808BA5518E7C4A700CC64B7 /* Security.framework in Frameworks */ = {isa = PBXBuildFile; fileRef = 2808BA5418E7C4A700CC64B7 /* Security.framework */; };
		2808BA5818E7C5ED00CC64B7 /* KeychainItemWrapper.m in Sources */ = {isa = PBXBuildFile; fileRef = 2808BA5718E7C5ED00CC64B7 /* KeychainItemWrapper.m */; };
		2808BA5B18E881B100CC64B7 /* InfiniteScrollPicker.m in Sources */ = {isa = PBXBuildFile; fileRef = 2808BA5A18E881B100CC64B7 /* InfiniteScrollPicker.m */; };
		2808BA5E18E881DB00CC64B7 /* UIView+viewController.m in Sources */ = {isa = PBXBuildFile; fileRef = 2808BA5D18E881DB00CC64B7 /* UIView+viewController.m */; };
		2808BA6218E8846800CC64B7 /* emoticon_happy.png in Resources */ = {isa = PBXBuildFile; fileRef = 2808BA5F18E8846800CC64B7 /* emoticon_happy.png */; };
		2808BA6318E8846800CC64B7 /* emoticon_sad.png in Resources */ = {isa = PBXBuildFile; fileRef = 2808BA6018E8846800CC64B7 /* emoticon_sad.png */; };
		2808BA6418E8846800CC64B7 /* emoticon_straight_face.png in Resources */ = {isa = PBXBuildFile; fileRef = 2808BA6118E8846800CC64B7 /* emoticon_straight_face.png */; };
		2808BA6918E885A900CC64B7 /* emoticon_lol.png in Resources */ = {isa = PBXBuildFile; fileRef = 2808BA6518E885A900CC64B7 /* emoticon_lol.png */; };
		2808BA6A18E885A900CC64B7 /* emoticon_nervous.png in Resources */ = {isa = PBXBuildFile; fileRef = 2808BA6618E885A900CC64B7 /* emoticon_nervous.png */; };
		2808BA6B18E885A900CC64B7 /* emoticon_oh_no.png in Resources */ = {isa = PBXBuildFile; fileRef = 2808BA6718E885A900CC64B7 /* emoticon_oh_no.png */; };
		2808BA6C18E885A900CC64B7 /* emoticon_smile.png in Resources */ = {isa = PBXBuildFile; fileRef = 2808BA6818E885A900CC64B7 /* emoticon_smile.png */; };
		2808BA7A18E8C87F00CC64B7 /* NSMutableArray+SWUtilityButtons.m in Sources */ = {isa = PBXBuildFile; fileRef = 2808BA6E18E8C87E00CC64B7 /* NSMutableArray+SWUtilityButtons.m */; };
		2808BA7B18E8C87F00CC64B7 /* SWCellScrollView.m in Sources */ = {isa = PBXBuildFile; fileRef = 2808BA7018E8C87E00CC64B7 /* SWCellScrollView.m */; };
		2808BA7C18E8C87F00CC64B7 /* SWLongPressGestureRecognizer.m in Sources */ = {isa = PBXBuildFile; fileRef = 2808BA7318E8C87E00CC64B7 /* SWLongPressGestureRecognizer.m */; };
		2808BA7D18E8C87F00CC64B7 /* SWTableViewCell.m in Sources */ = {isa = PBXBuildFile; fileRef = 2808BA7518E8C87E00CC64B7 /* SWTableViewCell.m */; };
		2808BA7E18E8C87F00CC64B7 /* SWUtilityButtonTapGestureRecognizer.m in Sources */ = {isa = PBXBuildFile; fileRef = 2808BA7718E8C87E00CC64B7 /* SWUtilityButtonTapGestureRecognizer.m */; };
		2808BA7F18E8C87F00CC64B7 /* SWUtilityButtonView.m in Sources */ = {isa = PBXBuildFile; fileRef = 2808BA7918E8C87E00CC64B7 /* SWUtilityButtonView.m */; };
		280A68621904D2C700C2475D /* s1.png in Resources */ = {isa = PBXBuildFile; fileRef = 280A685E1904D2C700C2475D /* s1.png */; };
		280A68631904D2C700C2475D /* s2.png in Resources */ = {isa = PBXBuildFile; fileRef = 280A685F1904D2C700C2475D /* s2.png */; };
		280A68641904D2C700C2475D /* s3.png in Resources */ = {isa = PBXBuildFile; fileRef = 280A68601904D2C700C2475D /* s3.png */; };
		280A68651904D2C700C2475D /* s4.png in Resources */ = {isa = PBXBuildFile; fileRef = 280A68611904D2C700C2475D /* s4.png */; };
		28149FDF190E191200AB20D4 /* MainFeedViewController.m in Sources */ = {isa = PBXBuildFile; fileRef = 28149FDE190E191200AB20D4 /* MainFeedViewController.m */; };
		2819F41918F12562008DB3F6 /* RNGridMenu.m in Sources */ = {isa = PBXBuildFile; fileRef = 2819F41818F12562008DB3F6 /* RNGridMenu.m */; };
		2819F41B18F1258A008DB3F6 /* QuartzCore.framework in Frameworks */ = {isa = PBXBuildFile; fileRef = 2819F41A18F1258A008DB3F6 /* QuartzCore.framework */; };
		2819F41D18F12595008DB3F6 /* Accelerate.framework in Frameworks */ = {isa = PBXBuildFile; fileRef = 2819F41C18F12595008DB3F6 /* Accelerate.framework */; };
		2819F42A18F137B7008DB3F6 /* FB-f-Logo__blue_50.png in Resources */ = {isa = PBXBuildFile; fileRef = 2819F42818F137B7008DB3F6 /* FB-f-Logo__blue_50.png */; };
		2819F42B18F137B7008DB3F6 /* FB-f-Logo__white_50.png in Resources */ = {isa = PBXBuildFile; fileRef = 2819F42918F137B7008DB3F6 /* FB-f-Logo__white_50.png */; };
		281DEAEB18F52BAC00119DB6 /* sherry.png in Resources */ = {isa = PBXBuildFile; fileRef = 281DEAEA18F52BAC00119DB6 /* sherry.png */; };
		286AD8B4191B4E620026CDFB /* return_64.png in Resources */ = {isa = PBXBuildFile; fileRef = 286AD8B3191B4E620026CDFB /* return_64.png */; };
		286AD8B7191EC6900026CDFB /* MLPostInfo.m in Sources */ = {isa = PBXBuildFile; fileRef = 286AD8B6191EC6900026CDFB /* MLPostInfo.m */; };
		288FB5B618E1EA8300214DC5 /* NSDate+TimeAgo.m in Sources */ = {isa = PBXBuildFile; fileRef = 288FB5B418E1EA8300214DC5 /* NSDate+TimeAgo.m */; };
		288FB5B718E1EA8300214DC5 /* NSDateTimeAgo.bundle in Resources */ = {isa = PBXBuildFile; fileRef = 288FB5B518E1EA8300214DC5 /* NSDateTimeAgo.bundle */; };
		288FB5FB18E742EC00214DC5 /* Social.framework in Frameworks */ = {isa = PBXBuildFile; fileRef = 288FB5FA18E742EC00214DC5 /* Social.framework */; };
		288FB5FD18E742F200214DC5 /* Accounts.framework in Frameworks */ = {isa = PBXBuildFile; fileRef = 288FB5FC18E742F200214DC5 /* Accounts.framework */; };
		2893CB991920ADD800F7E6B8 /* FacebookSDK.framework in Frameworks */ = {isa = PBXBuildFile; fileRef = 2893CB981920ADD800F7E6B8 /* FacebookSDK.framework */; };
		28C3733C18DEB974007DCE38 /* SystemConfiguration.framework in Frameworks */ = {isa = PBXBuildFile; fileRef = 28C3733B18DEB973007DCE38 /* SystemConfiguration.framework */; };
		28C7AE7C18DE059F004F485D /* Foundation.framework in Frameworks */ = {isa = PBXBuildFile; fileRef = 28C7AE7B18DE059F004F485D /* Foundation.framework */; };
		28C7AE7E18DE059F004F485D /* CoreGraphics.framework in Frameworks */ = {isa = PBXBuildFile; fileRef = 28C7AE7D18DE059F004F485D /* CoreGraphics.framework */; };
		28C7AE8018DE059F004F485D /* UIKit.framework in Frameworks */ = {isa = PBXBuildFile; fileRef = 28C7AE7F18DE059F004F485D /* UIKit.framework */; };
		28C7AE8618DE059F004F485D /* InfoPlist.strings in Resources */ = {isa = PBXBuildFile; fileRef = 28C7AE8418DE059F004F485D /* InfoPlist.strings */; };
		28C7AE8818DE059F004F485D /* main.m in Sources */ = {isa = PBXBuildFile; fileRef = 28C7AE8718DE059F004F485D /* main.m */; };
		28C7AE8C18DE059F004F485D /* AppDelegate.m in Sources */ = {isa = PBXBuildFile; fileRef = 28C7AE8B18DE059F004F485D /* AppDelegate.m */; };
		28C7AE8F18DE059F004F485D /* Main.storyboard in Resources */ = {isa = PBXBuildFile; fileRef = 28C7AE8D18DE059F004F485D /* Main.storyboard */; };
		28C7AE9418DE059F004F485D /* Images.xcassets in Resources */ = {isa = PBXBuildFile; fileRef = 28C7AE9318DE059F004F485D /* Images.xcassets */; };
		28C7AE9B18DE059F004F485D /* XCTest.framework in Frameworks */ = {isa = PBXBuildFile; fileRef = 28C7AE9A18DE059F004F485D /* XCTest.framework */; };
		28C7AE9C18DE059F004F485D /* Foundation.framework in Frameworks */ = {isa = PBXBuildFile; fileRef = 28C7AE7B18DE059F004F485D /* Foundation.framework */; };
		28C7AE9D18DE059F004F485D /* UIKit.framework in Frameworks */ = {isa = PBXBuildFile; fileRef = 28C7AE7F18DE059F004F485D /* UIKit.framework */; };
		28C7AEA518DE059F004F485D /* InfoPlist.strings in Resources */ = {isa = PBXBuildFile; fileRef = 28C7AEA318DE059F004F485D /* InfoPlist.strings */; };
		28C7AEA718DE059F004F485D /* test1Tests.m in Sources */ = {isa = PBXBuildFile; fileRef = 28C7AEA618DE059F004F485D /* test1Tests.m */; };
		28E67A7518FBBDE2001F81E1 /* NewLogInViewController.m in Sources */ = {isa = PBXBuildFile; fileRef = 28E67A7418FBBDE2001F81E1 /* NewLogInViewController.m */; };
		28F00EAD191A1A2200DC2F42 /* compose2_64.png in Resources */ = {isa = PBXBuildFile; fileRef = 28F00EAB191A1A2200DC2F42 /* compose2_64.png */; };
		28F00EB0191A1C3900DC2F42 /* post_64.png in Resources */ = {isa = PBXBuildFile; fileRef = 28F00EAF191A1C3900DC2F42 /* post_64.png */; };
		28F1BBE118E14DD000C59302 /* libstdc++.dylib in Frameworks */ = {isa = PBXBuildFile; fileRef = 28F1BBE018E14DD000C59302 /* libstdc++.dylib */; };
		28F1BBE318E14DDB00C59302 /* libicucore.dylib in Frameworks */ = {isa = PBXBuildFile; fileRef = 28F1BBE218E14DDB00C59302 /* libicucore.dylib */; };
/* End PBXBuildFile section */

/* Begin PBXContainerItemProxy section */
		28C7AE9E18DE059F004F485D /* PBXContainerItemProxy */ = {
			isa = PBXContainerItemProxy;
			containerPortal = 28C7AE7018DE059F004F485D /* Project object */;
			proxyType = 1;
			remoteGlobalIDString = 28C7AE7718DE059F004F485D;
			remoteInfo = test1;
		};
/* End PBXContainerItemProxy section */

/* Begin PBXFileReference section */
		28080FA519161C7100FE8EF2 /* MLApiClient.h */ = {isa = PBXFileReference; fileEncoding = 4; lastKnownFileType = sourcecode.c.h; path = MLApiClient.h; sourceTree = "<group>"; };
		28080FA619161C7100FE8EF2 /* MLApiClient.m */ = {isa = PBXFileReference; fileEncoding = 4; lastKnownFileType = sourcecode.c.objc; path = MLApiClient.m; sourceTree = "<group>"; };
		28080FAA1916E4A100FE8EF2 /* MLUserInfo.h */ = {isa = PBXFileReference; fileEncoding = 4; lastKnownFileType = sourcecode.c.h; path = MLUserInfo.h; sourceTree = "<group>"; };
		28080FAB1916E4A200FE8EF2 /* MLUserInfo.m */ = {isa = PBXFileReference; fileEncoding = 4; lastKnownFileType = sourcecode.c.objc; path = MLUserInfo.m; sourceTree = "<group>"; };
		28080FAD1917F1B100FE8EF2 /* comment-square-2x.png */ = {isa = PBXFileReference; lastKnownFileType = image.png; path = "comment-square-2x.png"; sourceTree = "<group>"; };
		28080FAF1917F1D100FE8EF2 /* heart-2x.png */ = {isa = PBXFileReference; lastKnownFileType = image.png; path = "heart-2x.png"; sourceTree = "<group>"; };
		28080FB11917F67600FE8EF2 /* comment-square-3x.png */ = {isa = PBXFileReference; lastKnownFileType = image.png; path = "comment-square-3x.png"; sourceTree = "<group>"; };
		28080FB31917F68500FE8EF2 /* heart-3x.png */ = {isa = PBXFileReference; lastKnownFileType = image.png; path = "heart-3x.png"; sourceTree = "<group>"; };
		28080FB8191833FC00FE8EF2 /* comment_off_24.png */ = {isa = PBXFileReference; lastKnownFileType = image.png; path = comment_off_24.png; sourceTree = "<group>"; };
		28080FB9191833FC00FE8EF2 /* comment_on_24.png */ = {isa = PBXFileReference; lastKnownFileType = image.png; path = comment_on_24.png; sourceTree = "<group>"; };
		28080FBA191833FC00FE8EF2 /* heart_off_24.png */ = {isa = PBXFileReference; lastKnownFileType = image.png; path = heart_off_24.png; sourceTree = "<group>"; };
		28080FBB191833FC00FE8EF2 /* heart_on_24.png */ = {isa = PBXFileReference; lastKnownFileType = image.png; path = heart_on_24.png; sourceTree = "<group>"; };
		28080FCA19183EF500FE8EF2 /* camera_64.png */ = {isa = PBXFileReference; lastKnownFileType = image.png; path = camera_64.png; sourceTree = "<group>"; };
		28080FCB19183EF600FE8EF2 /* compose_64.png */ = {isa = PBXFileReference; lastKnownFileType = image.png; path = compose_64.png; sourceTree = "<group>"; };
		28080FCC19183EF600FE8EF2 /* shuffle_64.png */ = {isa = PBXFileReference; lastKnownFileType = image.png; path = shuffle_64.png; sourceTree = "<group>"; };
		28080FD11918A00100FE8EF2 /* UIImage+BlurredFrame.h */ = {isa = PBXFileReference; fileEncoding = 4; lastKnownFileType = sourcecode.c.h; path = "UIImage+BlurredFrame.h"; sourceTree = "<group>"; };
		28080FD21918A00100FE8EF2 /* UIImage+BlurredFrame.m */ = {isa = PBXFileReference; fileEncoding = 4; lastKnownFileType = sourcecode.c.objc; path = "UIImage+BlurredFrame.m"; sourceTree = "<group>"; };
		28080FD31918A00100FE8EF2 /* UIImage+ImageEffects.h */ = {isa = PBXFileReference; fileEncoding = 4; lastKnownFileType = sourcecode.c.h; path = "UIImage+ImageEffects.h"; sourceTree = "<group>"; };
		28080FD41918A00100FE8EF2 /* UIImage+ImageEffects.m */ = {isa = PBXFileReference; fileEncoding = 4; lastKnownFileType = sourcecode.c.objc; path = "UIImage+ImageEffects.m"; sourceTree = "<group>"; };
		2808BA5418E7C4A700CC64B7 /* Security.framework */ = {isa = PBXFileReference; lastKnownFileType = wrapper.framework; name = Security.framework; path = System/Library/Frameworks/Security.framework; sourceTree = SDKROOT; };
		2808BA5618E7C5ED00CC64B7 /* KeychainItemWrapper.h */ = {isa = PBXFileReference; fileEncoding = 4; lastKnownFileType = sourcecode.c.h; path = KeychainItemWrapper.h; sourceTree = "<group>"; };
		2808BA5718E7C5ED00CC64B7 /* KeychainItemWrapper.m */ = {isa = PBXFileReference; fileEncoding = 4; lastKnownFileType = sourcecode.c.objc; path = KeychainItemWrapper.m; sourceTree = "<group>"; };
		2808BA5918E881B100CC64B7 /* InfiniteScrollPicker.h */ = {isa = PBXFileReference; fileEncoding = 4; lastKnownFileType = sourcecode.c.h; path = InfiniteScrollPicker.h; sourceTree = "<group>"; };
		2808BA5A18E881B100CC64B7 /* InfiniteScrollPicker.m */ = {isa = PBXFileReference; fileEncoding = 4; lastKnownFileType = sourcecode.c.objc; path = InfiniteScrollPicker.m; sourceTree = "<group>"; };
		2808BA5C18E881DB00CC64B7 /* UIView+viewController.h */ = {isa = PBXFileReference; fileEncoding = 4; lastKnownFileType = sourcecode.c.h; path = "UIView+viewController.h"; sourceTree = "<group>"; };
		2808BA5D18E881DB00CC64B7 /* UIView+viewController.m */ = {isa = PBXFileReference; fileEncoding = 4; lastKnownFileType = sourcecode.c.objc; path = "UIView+viewController.m"; sourceTree = "<group>"; };
		2808BA5F18E8846800CC64B7 /* emoticon_happy.png */ = {isa = PBXFileReference; lastKnownFileType = image.png; path = emoticon_happy.png; sourceTree = "<group>"; };
		2808BA6018E8846800CC64B7 /* emoticon_sad.png */ = {isa = PBXFileReference; lastKnownFileType = image.png; path = emoticon_sad.png; sourceTree = "<group>"; };
		2808BA6118E8846800CC64B7 /* emoticon_straight_face.png */ = {isa = PBXFileReference; lastKnownFileType = image.png; path = emoticon_straight_face.png; sourceTree = "<group>"; };
		2808BA6518E885A900CC64B7 /* emoticon_lol.png */ = {isa = PBXFileReference; lastKnownFileType = image.png; path = emoticon_lol.png; sourceTree = "<group>"; };
		2808BA6618E885A900CC64B7 /* emoticon_nervous.png */ = {isa = PBXFileReference; lastKnownFileType = image.png; path = emoticon_nervous.png; sourceTree = "<group>"; };
		2808BA6718E885A900CC64B7 /* emoticon_oh_no.png */ = {isa = PBXFileReference; lastKnownFileType = image.png; path = emoticon_oh_no.png; sourceTree = "<group>"; };
		2808BA6818E885A900CC64B7 /* emoticon_smile.png */ = {isa = PBXFileReference; lastKnownFileType = image.png; path = emoticon_smile.png; sourceTree = "<group>"; };
		2808BA6D18E8C87E00CC64B7 /* NSMutableArray+SWUtilityButtons.h */ = {isa = PBXFileReference; fileEncoding = 4; lastKnownFileType = sourcecode.c.h; path = "NSMutableArray+SWUtilityButtons.h"; sourceTree = "<group>"; };
		2808BA6E18E8C87E00CC64B7 /* NSMutableArray+SWUtilityButtons.m */ = {isa = PBXFileReference; fileEncoding = 4; lastKnownFileType = sourcecode.c.objc; path = "NSMutableArray+SWUtilityButtons.m"; sourceTree = "<group>"; };
		2808BA6F18E8C87E00CC64B7 /* SWCellScrollView.h */ = {isa = PBXFileReference; fileEncoding = 4; lastKnownFileType = sourcecode.c.h; path = SWCellScrollView.h; sourceTree = "<group>"; };
		2808BA7018E8C87E00CC64B7 /* SWCellScrollView.m */ = {isa = PBXFileReference; fileEncoding = 4; lastKnownFileType = sourcecode.c.objc; path = SWCellScrollView.m; sourceTree = "<group>"; };
		2808BA7118E8C87E00CC64B7 /* SWConstants.h */ = {isa = PBXFileReference; fileEncoding = 4; lastKnownFileType = sourcecode.c.h; path = SWConstants.h; sourceTree = "<group>"; };
		2808BA7218E8C87E00CC64B7 /* SWLongPressGestureRecognizer.h */ = {isa = PBXFileReference; fileEncoding = 4; lastKnownFileType = sourcecode.c.h; path = SWLongPressGestureRecognizer.h; sourceTree = "<group>"; };
		2808BA7318E8C87E00CC64B7 /* SWLongPressGestureRecognizer.m */ = {isa = PBXFileReference; fileEncoding = 4; lastKnownFileType = sourcecode.c.objc; path = SWLongPressGestureRecognizer.m; sourceTree = "<group>"; };
		2808BA7418E8C87E00CC64B7 /* SWTableViewCell.h */ = {isa = PBXFileReference; fileEncoding = 4; lastKnownFileType = sourcecode.c.h; path = SWTableViewCell.h; sourceTree = "<group>"; };
		2808BA7518E8C87E00CC64B7 /* SWTableViewCell.m */ = {isa = PBXFileReference; fileEncoding = 4; lastKnownFileType = sourcecode.c.objc; path = SWTableViewCell.m; sourceTree = "<group>"; };
		2808BA7618E8C87E00CC64B7 /* SWUtilityButtonTapGestureRecognizer.h */ = {isa = PBXFileReference; fileEncoding = 4; lastKnownFileType = sourcecode.c.h; path = SWUtilityButtonTapGestureRecognizer.h; sourceTree = "<group>"; };
		2808BA7718E8C87E00CC64B7 /* SWUtilityButtonTapGestureRecognizer.m */ = {isa = PBXFileReference; fileEncoding = 4; lastKnownFileType = sourcecode.c.objc; path = SWUtilityButtonTapGestureRecognizer.m; sourceTree = "<group>"; };
		2808BA7818E8C87E00CC64B7 /* SWUtilityButtonView.h */ = {isa = PBXFileReference; fileEncoding = 4; lastKnownFileType = sourcecode.c.h; path = SWUtilityButtonView.h; sourceTree = "<group>"; };
		2808BA7918E8C87E00CC64B7 /* SWUtilityButtonView.m */ = {isa = PBXFileReference; fileEncoding = 4; lastKnownFileType = sourcecode.c.objc; path = SWUtilityButtonView.m; sourceTree = "<group>"; };
		2808BA8018E8D36400CC64B7 /* AdSupport.framework */ = {isa = PBXFileReference; lastKnownFileType = wrapper.framework; name = AdSupport.framework; path = System/Library/Frameworks/AdSupport.framework; sourceTree = SDKROOT; };
		2808BA8718E921EF00CC64B7 /* libWeChatSDK.a */ = {isa = PBXFileReference; lastKnownFileType = archive.ar; name = libWeChatSDK.a; path = ../../WeChat/libWeChatSDK.a; sourceTree = "<group>"; };
		2808BA8818E921EF00CC64B7 /* WXApi.h */ = {isa = PBXFileReference; fileEncoding = 4; lastKnownFileType = sourcecode.c.h; name = WXApi.h; path = ../../WeChat/WXApi.h; sourceTree = "<group>"; };
		2808BA8918E921EF00CC64B7 /* WXApiObject.h */ = {isa = PBXFileReference; fileEncoding = 4; lastKnownFileType = sourcecode.c.h; name = WXApiObject.h; path = ../../WeChat/WXApiObject.h; sourceTree = "<group>"; };
		280A685E1904D2C700C2475D /* s1.png */ = {isa = PBXFileReference; lastKnownFileType = image.png; path = s1.png; sourceTree = "<group>"; };
		280A685F1904D2C700C2475D /* s2.png */ = {isa = PBXFileReference; lastKnownFileType = image.png; path = s2.png; sourceTree = "<group>"; };
		280A68601904D2C700C2475D /* s3.png */ = {isa = PBXFileReference; lastKnownFileType = image.png; path = s3.png; sourceTree = "<group>"; };
		280A68611904D2C700C2475D /* s4.png */ = {isa = PBXFileReference; lastKnownFileType = image.png; path = s4.png; sourceTree = "<group>"; };
		28149FDD190E191200AB20D4 /* MainFeedViewController.h */ = {isa = PBXFileReference; fileEncoding = 4; lastKnownFileType = sourcecode.c.h; path = MainFeedViewController.h; sourceTree = "<group>"; };
		28149FDE190E191200AB20D4 /* MainFeedViewController.m */ = {isa = PBXFileReference; fileEncoding = 4; lastKnownFileType = sourcecode.c.objc; path = MainFeedViewController.m; sourceTree = "<group>"; };
		2819F41718F12562008DB3F6 /* RNGridMenu.h */ = {isa = PBXFileReference; fileEncoding = 4; lastKnownFileType = sourcecode.c.h; path = RNGridMenu.h; sourceTree = "<group>"; };
		2819F41818F12562008DB3F6 /* RNGridMenu.m */ = {isa = PBXFileReference; fileEncoding = 4; lastKnownFileType = sourcecode.c.objc; path = RNGridMenu.m; sourceTree = "<group>"; };
		2819F41A18F1258A008DB3F6 /* QuartzCore.framework */ = {isa = PBXFileReference; lastKnownFileType = wrapper.framework; name = QuartzCore.framework; path = System/Library/Frameworks/QuartzCore.framework; sourceTree = SDKROOT; };
		2819F41C18F12595008DB3F6 /* Accelerate.framework */ = {isa = PBXFileReference; lastKnownFileType = wrapper.framework; name = Accelerate.framework; path = System/Library/Frameworks/Accelerate.framework; sourceTree = SDKROOT; };
		2819F42818F137B7008DB3F6 /* FB-f-Logo__blue_50.png */ = {isa = PBXFileReference; lastKnownFileType = image.png; path = "FB-f-Logo__blue_50.png"; sourceTree = "<group>"; };
		2819F42918F137B7008DB3F6 /* FB-f-Logo__white_50.png */ = {isa = PBXFileReference; lastKnownFileType = image.png; path = "FB-f-Logo__white_50.png"; sourceTree = "<group>"; };
		281DEAEA18F52BAC00119DB6 /* sherry.png */ = {isa = PBXFileReference; lastKnownFileType = image.png; name = sherry.png; path = ../../../Desktop/sherry.png; sourceTree = "<group>"; };
		286AD8B3191B4E620026CDFB /* return_64.png */ = {isa = PBXFileReference; lastKnownFileType = image.png; path = return_64.png; sourceTree = "<group>"; };
		286AD8B5191EC6900026CDFB /* MLPostInfo.h */ = {isa = PBXFileReference; fileEncoding = 4; lastKnownFileType = sourcecode.c.h; path = MLPostInfo.h; sourceTree = "<group>"; };
		286AD8B6191EC6900026CDFB /* MLPostInfo.m */ = {isa = PBXFileReference; fileEncoding = 4; lastKnownFileType = sourcecode.c.objc; path = MLPostInfo.m; sourceTree = "<group>"; };
		288FB5B318E1EA8300214DC5 /* NSDate+TimeAgo.h */ = {isa = PBXFileReference; fileEncoding = 4; lastKnownFileType = sourcecode.c.h; path = "NSDate+TimeAgo.h"; sourceTree = "<group>"; };
		288FB5B418E1EA8300214DC5 /* NSDate+TimeAgo.m */ = {isa = PBXFileReference; fileEncoding = 4; lastKnownFileType = sourcecode.c.objc; path = "NSDate+TimeAgo.m"; sourceTree = "<group>"; };
		288FB5B518E1EA8300214DC5 /* NSDateTimeAgo.bundle */ = {isa = PBXFileReference; lastKnownFileType = "wrapper.plug-in"; path = NSDateTimeAgo.bundle; sourceTree = "<group>"; };
		288FB5FA18E742EC00214DC5 /* Social.framework */ = {isa = PBXFileReference; lastKnownFileType = wrapper.framework; name = Social.framework; path = System/Library/Frameworks/Social.framework; sourceTree = SDKROOT; };
		288FB5FC18E742F200214DC5 /* Accounts.framework */ = {isa = PBXFileReference; lastKnownFileType = wrapper.framework; name = Accounts.framework; path = System/Library/Frameworks/Accounts.framework; sourceTree = SDKROOT; };
		2893CB981920ADD800F7E6B8 /* FacebookSDK.framework */ = {isa = PBXFileReference; lastKnownFileType = wrapper.framework; name = FacebookSDK.framework; path = ../FacebookSDK.framework; sourceTree = "<group>"; };
		28C3733B18DEB973007DCE38 /* SystemConfiguration.framework */ = {isa = PBXFileReference; lastKnownFileType = wrapper.framework; name = SystemConfiguration.framework; path = System/Library/Frameworks/SystemConfiguration.framework; sourceTree = SDKROOT; };
		28C3733D18DEBBDD007DCE38 /* NSStrinAdditions.h */ = {isa = PBXFileReference; fileEncoding = 4; lastKnownFileType = sourcecode.c.h; path = NSStrinAdditions.h; sourceTree = "<group>"; };
		28C7AE7818DE059F004F485D /* test1.app */ = {isa = PBXFileReference; explicitFileType = wrapper.application; includeInIndex = 0; path = test1.app; sourceTree = BUILT_PRODUCTS_DIR; };
		28C7AE7B18DE059F004F485D /* Foundation.framework */ = {isa = PBXFileReference; lastKnownFileType = wrapper.framework; name = Foundation.framework; path = System/Library/Frameworks/Foundation.framework; sourceTree = SDKROOT; };
		28C7AE7D18DE059F004F485D /* CoreGraphics.framework */ = {isa = PBXFileReference; lastKnownFileType = wrapper.framework; name = CoreGraphics.framework; path = System/Library/Frameworks/CoreGraphics.framework; sourceTree = SDKROOT; };
		28C7AE7F18DE059F004F485D /* UIKit.framework */ = {isa = PBXFileReference; lastKnownFileType = wrapper.framework; name = UIKit.framework; path = System/Library/Frameworks/UIKit.framework; sourceTree = SDKROOT; };
		28C7AE8318DE059F004F485D /* test1-Info.plist */ = {isa = PBXFileReference; lastKnownFileType = text.plist.xml; path = "test1-Info.plist"; sourceTree = "<group>"; };
		28C7AE8518DE059F004F485D /* en */ = {isa = PBXFileReference; lastKnownFileType = text.plist.strings; name = en; path = en.lproj/InfoPlist.strings; sourceTree = "<group>"; };
		28C7AE8718DE059F004F485D /* main.m */ = {isa = PBXFileReference; lastKnownFileType = sourcecode.c.objc; path = main.m; sourceTree = "<group>"; };
		28C7AE8918DE059F004F485D /* test1-Prefix.pch */ = {isa = PBXFileReference; lastKnownFileType = sourcecode.c.h; path = "test1-Prefix.pch"; sourceTree = "<group>"; };
		28C7AE8A18DE059F004F485D /* AppDelegate.h */ = {isa = PBXFileReference; lastKnownFileType = sourcecode.c.h; path = AppDelegate.h; sourceTree = "<group>"; };
		28C7AE8B18DE059F004F485D /* AppDelegate.m */ = {isa = PBXFileReference; lastKnownFileType = sourcecode.c.objc; path = AppDelegate.m; sourceTree = "<group>"; };
		28C7AE8E18DE059F004F485D /* Base */ = {isa = PBXFileReference; lastKnownFileType = file.storyboard; name = Base; path = Base.lproj/Main.storyboard; sourceTree = "<group>"; };
		28C7AE9318DE059F004F485D /* Images.xcassets */ = {isa = PBXFileReference; lastKnownFileType = folder.assetcatalog; path = Images.xcassets; sourceTree = "<group>"; };
		28C7AE9918DE059F004F485D /* test1Tests.xctest */ = {isa = PBXFileReference; explicitFileType = wrapper.cfbundle; includeInIndex = 0; path = test1Tests.xctest; sourceTree = BUILT_PRODUCTS_DIR; };
		28C7AE9A18DE059F004F485D /* XCTest.framework */ = {isa = PBXFileReference; lastKnownFileType = wrapper.framework; name = XCTest.framework; path = Library/Frameworks/XCTest.framework; sourceTree = DEVELOPER_DIR; };
		28C7AEA218DE059F004F485D /* test1Tests-Info.plist */ = {isa = PBXFileReference; lastKnownFileType = text.plist.xml; path = "test1Tests-Info.plist"; sourceTree = "<group>"; };
		28C7AEA418DE059F004F485D /* en */ = {isa = PBXFileReference; lastKnownFileType = text.plist.strings; name = en; path = en.lproj/InfoPlist.strings; sourceTree = "<group>"; };
		28C7AEA618DE059F004F485D /* test1Tests.m */ = {isa = PBXFileReference; lastKnownFileType = sourcecode.c.objc; path = test1Tests.m; sourceTree = "<group>"; };
		28E67A7318FBBDE2001F81E1 /* NewLogInViewController.h */ = {isa = PBXFileReference; fileEncoding = 4; lastKnownFileType = sourcecode.c.h; path = NewLogInViewController.h; sourceTree = "<group>"; };
		28E67A7418FBBDE2001F81E1 /* NewLogInViewController.m */ = {isa = PBXFileReference; fileEncoding = 4; lastKnownFileType = sourcecode.c.objc; path = NewLogInViewController.m; sourceTree = "<group>"; };
		28F00EAB191A1A2200DC2F42 /* compose2_64.png */ = {isa = PBXFileReference; lastKnownFileType = image.png; path = compose2_64.png; sourceTree = "<group>"; };
		28F00EAF191A1C3900DC2F42 /* post_64.png */ = {isa = PBXFileReference; lastKnownFileType = image.png; path = post_64.png; sourceTree = "<group>"; };
		28F1BBE018E14DD000C59302 /* libstdc++.dylib */ = {isa = PBXFileReference; lastKnownFileType = "compiled.mach-o.dylib"; name = "libstdc++.dylib"; path = "usr/lib/libstdc++.dylib"; sourceTree = SDKROOT; };
		28F1BBE218E14DDB00C59302 /* libicucore.dylib */ = {isa = PBXFileReference; lastKnownFileType = "compiled.mach-o.dylib"; name = libicucore.dylib; path = usr/lib/libicucore.dylib; sourceTree = SDKROOT; };
/* End PBXFileReference section */

/* Begin PBXFrameworksBuildPhase section */
		28C7AE7518DE059F004F485D /* Frameworks */ = {
			isa = PBXFrameworksBuildPhase;
			buildActionMask = 2147483647;
			files = (
				2893CB991920ADD800F7E6B8 /* FacebookSDK.framework in Frameworks */,
				2819F41D18F12595008DB3F6 /* Accelerate.framework in Frameworks */,
				2819F41B18F1258A008DB3F6 /* QuartzCore.framework in Frameworks */,
				288FB5FB18E742EC00214DC5 /* Social.framework in Frameworks */,
				2808BA5518E7C4A700CC64B7 /* Security.framework in Frameworks */,
				288FB5FD18E742F200214DC5 /* Accounts.framework in Frameworks */,
				28F1BBE318E14DDB00C59302 /* libicucore.dylib in Frameworks */,
				28F1BBE118E14DD000C59302 /* libstdc++.dylib in Frameworks */,
				28C3733C18DEB974007DCE38 /* SystemConfiguration.framework in Frameworks */,
				28C7AE7E18DE059F004F485D /* CoreGraphics.framework in Frameworks */,
				28C7AE8018DE059F004F485D /* UIKit.framework in Frameworks */,
				28C7AE7C18DE059F004F485D /* Foundation.framework in Frameworks */,
			);
			runOnlyForDeploymentPostprocessing = 0;
		};
		28C7AE9618DE059F004F485D /* Frameworks */ = {
			isa = PBXFrameworksBuildPhase;
			buildActionMask = 2147483647;
			files = (
				28C7AE9B18DE059F004F485D /* XCTest.framework in Frameworks */,
				28C7AE9D18DE059F004F485D /* UIKit.framework in Frameworks */,
				28C7AE9C18DE059F004F485D /* Foundation.framework in Frameworks */,
			);
			runOnlyForDeploymentPostprocessing = 0;
		};
/* End PBXFrameworksBuildPhase section */

/* Begin PBXGroup section */
		28080FA81916909500FE8EF2 /* third-party */ = {
			isa = PBXGroup;
			children = (
				28C3733D18DEBBDD007DCE38 /* NSStrinAdditions.h */,
			);
			name = "third-party";
			sourceTree = "<group>";
		};
		28080FA9191690C900FE8EF2 /* Original */ = {
			isa = PBXGroup;
			children = (
			);
			name = Original;
			sourceTree = "<group>";
		};
		28080FD019189FD600FE8EF2 /* UIImageBlur */ = {
			isa = PBXGroup;
			children = (
				28080FD11918A00100FE8EF2 /* UIImage+BlurredFrame.h */,
				28080FD21918A00100FE8EF2 /* UIImage+BlurredFrame.m */,
				28080FD31918A00100FE8EF2 /* UIImage+ImageEffects.h */,
				28080FD41918A00100FE8EF2 /* UIImage+ImageEffects.m */,
			);
			name = UIImageBlur;
			sourceTree = "<group>";
		};
		2808BA8618E921D600CC64B7 /* WeChat */ = {
			isa = PBXGroup;
			children = (
				2808BA8718E921EF00CC64B7 /* libWeChatSDK.a */,
				2808BA8818E921EF00CC64B7 /* WXApi.h */,
				2808BA8918E921EF00CC64B7 /* WXApiObject.h */,
			);
			name = WeChat;
			sourceTree = "<group>";
		};
		2819F41618F12541008DB3F6 /* RNGridMenu */ = {
			isa = PBXGroup;
			children = (
				2819F41718F12562008DB3F6 /* RNGridMenu.h */,
				2819F41818F12562008DB3F6 /* RNGridMenu.m */,
			);
			name = RNGridMenu;
			sourceTree = "<group>";
		};
		2819F41E18F12C9A008DB3F6 /* SWTableViewCell */ = {
			isa = PBXGroup;
			children = (
				2808BA6D18E8C87E00CC64B7 /* NSMutableArray+SWUtilityButtons.h */,
				2808BA6E18E8C87E00CC64B7 /* NSMutableArray+SWUtilityButtons.m */,
				2808BA6F18E8C87E00CC64B7 /* SWCellScrollView.h */,
				2808BA7018E8C87E00CC64B7 /* SWCellScrollView.m */,
				2808BA7118E8C87E00CC64B7 /* SWConstants.h */,
				2808BA7218E8C87E00CC64B7 /* SWLongPressGestureRecognizer.h */,
				2808BA7318E8C87E00CC64B7 /* SWLongPressGestureRecognizer.m */,
				2808BA7418E8C87E00CC64B7 /* SWTableViewCell.h */,
				2808BA7518E8C87E00CC64B7 /* SWTableViewCell.m */,
				2808BA7618E8C87E00CC64B7 /* SWUtilityButtonTapGestureRecognizer.h */,
				2808BA7718E8C87E00CC64B7 /* SWUtilityButtonTapGestureRecognizer.m */,
				2808BA7818E8C87E00CC64B7 /* SWUtilityButtonView.h */,
				2808BA7918E8C87E00CC64B7 /* SWUtilityButtonView.m */,
			);
			name = SWTableViewCell;
			sourceTree = "<group>";
		};
		2819F41F18F12CDF008DB3F6 /* InfiniteScrollPicker */ = {
			isa = PBXGroup;
			children = (
				2808BA5C18E881DB00CC64B7 /* UIView+viewController.h */,
				2808BA5D18E881DB00CC64B7 /* UIView+viewController.m */,
				2808BA5918E881B100CC64B7 /* InfiniteScrollPicker.h */,
				2808BA5A18E881B100CC64B7 /* InfiniteScrollPicker.m */,
			);
			name = InfiniteScrollPicker;
			sourceTree = "<group>";
		};
		2819F42018F12D13008DB3F6 /* KeychainItemWrapper */ = {
			isa = PBXGroup;
			children = (
				2808BA5618E7C5ED00CC64B7 /* KeychainItemWrapper.h */,
				2808BA5718E7C5ED00CC64B7 /* KeychainItemWrapper.m */,
			);
			name = KeychainItemWrapper;
			sourceTree = "<group>";
		};
		2819F42118F12D61008DB3F6 /* TimeAgo */ = {
			isa = PBXGroup;
			children = (
				288FB5B318E1EA8300214DC5 /* NSDate+TimeAgo.h */,
				288FB5B418E1EA8300214DC5 /* NSDate+TimeAgo.m */,
			);
			name = TimeAgo;
			sourceTree = "<group>";
		};
		28C7AE6F18DE059F004F485D = {
			isa = PBXGroup;
			children = (
				28C7AE8118DE059F004F485D /* test1 */,
				28C7AEA018DE059F004F485D /* test1Tests */,
				28C7AE7A18DE059F004F485D /* Frameworks */,
				28C7AE7918DE059F004F485D /* Products */,
			);
			sourceTree = "<group>";
		};
		28C7AE7918DE059F004F485D /* Products */ = {
			isa = PBXGroup;
			children = (
				28C7AE7818DE059F004F485D /* test1.app */,
				28C7AE9918DE059F004F485D /* test1Tests.xctest */,
			);
			name = Products;
			sourceTree = "<group>";
		};
		28C7AE7A18DE059F004F485D /* Frameworks */ = {
			isa = PBXGroup;
			children = (
				2893CB981920ADD800F7E6B8 /* FacebookSDK.framework */,
				2819F41C18F12595008DB3F6 /* Accelerate.framework */,
				2819F41A18F1258A008DB3F6 /* QuartzCore.framework */,
				2808BA8018E8D36400CC64B7 /* AdSupport.framework */,
				2808BA5418E7C4A700CC64B7 /* Security.framework */,
				288FB5FC18E742F200214DC5 /* Accounts.framework */,
				288FB5FA18E742EC00214DC5 /* Social.framework */,
				28F1BBE218E14DDB00C59302 /* libicucore.dylib */,
				28F1BBE018E14DD000C59302 /* libstdc++.dylib */,
				28C3733B18DEB973007DCE38 /* SystemConfiguration.framework */,
				28C7AE7B18DE059F004F485D /* Foundation.framework */,
				28C7AE7D18DE059F004F485D /* CoreGraphics.framework */,
				28C7AE7F18DE059F004F485D /* UIKit.framework */,
				28C7AE9A18DE059F004F485D /* XCTest.framework */,
			);
			name = Frameworks;
			sourceTree = "<group>";
		};
		28C7AE8118DE059F004F485D /* test1 */ = {
			isa = PBXGroup;
			children = (
				28080FD019189FD600FE8EF2 /* UIImageBlur */,
				28080FA9191690C900FE8EF2 /* Original */,
				28080FA81916909500FE8EF2 /* third-party */,
				2819F42118F12D61008DB3F6 /* TimeAgo */,
				2819F42018F12D13008DB3F6 /* KeychainItemWrapper */,
				2819F41F18F12CDF008DB3F6 /* InfiniteScrollPicker */,
				2819F41E18F12C9A008DB3F6 /* SWTableViewCell */,
				2819F41618F12541008DB3F6 /* RNGridMenu */,
				2808BA8618E921D600CC64B7 /* WeChat */,
				28C7AE8D18DE059F004F485D /* Main.storyboard */,
				28C7AE8A18DE059F004F485D /* AppDelegate.h */,
				28C7AE8B18DE059F004F485D /* AppDelegate.m */,
				28C7AE9318DE059F004F485D /* Images.xcassets */,
				28C7AE8218DE059F004F485D /* Supporting Files */,
				28E67A7318FBBDE2001F81E1 /* NewLogInViewController.h */,
				28E67A7418FBBDE2001F81E1 /* NewLogInViewController.m */,
				28149FDD190E191200AB20D4 /* MainFeedViewController.h */,
				28149FDE190E191200AB20D4 /* MainFeedViewController.m */,
				28080FA519161C7100FE8EF2 /* MLApiClient.h */,
				28080FA619161C7100FE8EF2 /* MLApiClient.m */,
				28080FAA1916E4A100FE8EF2 /* MLUserInfo.h */,
				28080FAB1916E4A200FE8EF2 /* MLUserInfo.m */,
				286AD8B5191EC6900026CDFB /* MLPostInfo.h */,
				286AD8B6191EC6900026CDFB /* MLPostInfo.m */,
			);
			path = test1;
			sourceTree = "<group>";
		};
		28C7AE8218DE059F004F485D /* Supporting Files */ = {
			isa = PBXGroup;
			children = (
				286AD8B3191B4E620026CDFB /* return_64.png */,
				28F00EAB191A1A2200DC2F42 /* compose2_64.png */,
				28080FCA19183EF500FE8EF2 /* camera_64.png */,
				28080FCB19183EF600FE8EF2 /* compose_64.png */,
				28080FCC19183EF600FE8EF2 /* shuffle_64.png */,
				28080FB8191833FC00FE8EF2 /* comment_off_24.png */,
				28080FB9191833FC00FE8EF2 /* comment_on_24.png */,
				28080FBA191833FC00FE8EF2 /* heart_off_24.png */,
				28080FBB191833FC00FE8EF2 /* heart_on_24.png */,
				28080FAD1917F1B100FE8EF2 /* comment-square-2x.png */,
				28080FB11917F67600FE8EF2 /* comment-square-3x.png */,
				28080FAF1917F1D100FE8EF2 /* heart-2x.png */,
				28080FB31917F68500FE8EF2 /* heart-3x.png */,
				280A685E1904D2C700C2475D /* s1.png */,
				28F00EAF191A1C3900DC2F42 /* post_64.png */,
				280A685F1904D2C700C2475D /* s2.png */,
				280A68601904D2C700C2475D /* s3.png */,
				280A68611904D2C700C2475D /* s4.png */,
				281DEAEA18F52BAC00119DB6 /* sherry.png */,
				2819F42818F137B7008DB3F6 /* FB-f-Logo__blue_50.png */,
				2819F42918F137B7008DB3F6 /* FB-f-Logo__white_50.png */,
				2808BA6518E885A900CC64B7 /* emoticon_lol.png */,
				2808BA6618E885A900CC64B7 /* emoticon_nervous.png */,
				2808BA6718E885A900CC64B7 /* emoticon_oh_no.png */,
				2808BA6818E885A900CC64B7 /* emoticon_smile.png */,
				2808BA5F18E8846800CC64B7 /* emoticon_happy.png */,
				2808BA6018E8846800CC64B7 /* emoticon_sad.png */,
				2808BA6118E8846800CC64B7 /* emoticon_straight_face.png */,
				288FB5B518E1EA8300214DC5 /* NSDateTimeAgo.bundle */,
				28C7AE8318DE059F004F485D /* test1-Info.plist */,
				28C7AE8418DE059F004F485D /* InfoPlist.strings */,
				28C7AE8718DE059F004F485D /* main.m */,
				28C7AE8918DE059F004F485D /* test1-Prefix.pch */,
			);
			name = "Supporting Files";
			sourceTree = "<group>";
		};
		28C7AEA018DE059F004F485D /* test1Tests */ = {
			isa = PBXGroup;
			children = (
				28C7AEA618DE059F004F485D /* test1Tests.m */,
				28C7AEA118DE059F004F485D /* Supporting Files */,
			);
			path = test1Tests;
			sourceTree = "<group>";
		};
		28C7AEA118DE059F004F485D /* Supporting Files */ = {
			isa = PBXGroup;
			children = (
				28C7AEA218DE059F004F485D /* test1Tests-Info.plist */,
				28C7AEA318DE059F004F485D /* InfoPlist.strings */,
			);
			name = "Supporting Files";
			sourceTree = "<group>";
		};
/* End PBXGroup section */

/* Begin PBXNativeTarget section */
		28C7AE7718DE059F004F485D /* test1 */ = {
			isa = PBXNativeTarget;
			buildConfigurationList = 28C7AEAA18DE059F004F485D /* Build configuration list for PBXNativeTarget "test1" */;
			buildPhases = (
				28C7AE7418DE059F004F485D /* Sources */,
				28C7AE7518DE059F004F485D /* Frameworks */,
				28C7AE7618DE059F004F485D /* Resources */,
			);
			buildRules = (
			);
			dependencies = (
			);
			name = test1;
			productName = test1;
			productReference = 28C7AE7818DE059F004F485D /* test1.app */;
			productType = "com.apple.product-type.application";
		};
		28C7AE9818DE059F004F485D /* test1Tests */ = {
			isa = PBXNativeTarget;
			buildConfigurationList = 28C7AEAD18DE059F004F485D /* Build configuration list for PBXNativeTarget "test1Tests" */;
			buildPhases = (
				28C7AE9518DE059F004F485D /* Sources */,
				28C7AE9618DE059F004F485D /* Frameworks */,
				28C7AE9718DE059F004F485D /* Resources */,
			);
			buildRules = (
			);
			dependencies = (
				28C7AE9F18DE059F004F485D /* PBXTargetDependency */,
			);
			name = test1Tests;
			productName = test1Tests;
			productReference = 28C7AE9918DE059F004F485D /* test1Tests.xctest */;
			productType = "com.apple.product-type.bundle.unit-test";
		};
/* End PBXNativeTarget section */

/* Begin PBXProject section */
		28C7AE7018DE059F004F485D /* Project object */ = {
			isa = PBXProject;
			attributes = {
				LastUpgradeCheck = 0510;
				ORGANIZATIONNAME = Tim;
				TargetAttributes = {
					28C7AE7718DE059F004F485D = {
						DevelopmentTeam = 8CCURL78W6;
					};
					28C7AE9818DE059F004F485D = {
						TestTargetID = 28C7AE7718DE059F004F485D;
					};
				};
			};
			buildConfigurationList = 28C7AE7318DE059F004F485D /* Build configuration list for PBXProject "test1" */;
			compatibilityVersion = "Xcode 3.2";
			developmentRegion = English;
			hasScannedForEncodings = 0;
			knownRegions = (
				en,
				Base,
			);
			mainGroup = 28C7AE6F18DE059F004F485D;
			productRefGroup = 28C7AE7918DE059F004F485D /* Products */;
			projectDirPath = "";
			projectRoot = "";
			targets = (
				28C7AE7718DE059F004F485D /* test1 */,
				28C7AE9818DE059F004F485D /* test1Tests */,
			);
		};
/* End PBXProject section */

/* Begin PBXResourcesBuildPhase section */
		28C7AE7618DE059F004F485D /* Resources */ = {
			isa = PBXResourcesBuildPhase;
			buildActionMask = 2147483647;
			files = (
				2808BA6318E8846800CC64B7 /* emoticon_sad.png in Resources */,
				28080FBF191833FC00FE8EF2 /* heart_on_24.png in Resources */,
				280A68641904D2C700C2475D /* s3.png in Resources */,
				28F00EAD191A1A2200DC2F42 /* compose2_64.png in Resources */,
				28080FB01917F1D100FE8EF2 /* heart-2x.png in Resources */,
				28080FBC191833FC00FE8EF2 /* comment_off_24.png in Resources */,
				28080FCD19183EF600FE8EF2 /* camera_64.png in Resources */,
				2808BA6218E8846800CC64B7 /* emoticon_happy.png in Resources */,
				281DEAEB18F52BAC00119DB6 /* sherry.png in Resources */,
				286AD8B4191B4E620026CDFB /* return_64.png in Resources */,
				280A68651904D2C700C2475D /* s4.png in Resources */,
				28080FCF19183EF600FE8EF2 /* shuffle_64.png in Resources */,
				2819F42B18F137B7008DB3F6 /* FB-f-Logo__white_50.png in Resources */,
				28080FB21917F67600FE8EF2 /* comment-square-3x.png in Resources */,
				2808BA6418E8846800CC64B7 /* emoticon_straight_face.png in Resources */,
				2808BA6B18E885A900CC64B7 /* emoticon_oh_no.png in Resources */,
				28C7AE9418DE059F004F485D /* Images.xcassets in Resources */,
				288FB5B718E1EA8300214DC5 /* NSDateTimeAgo.bundle in Resources */,
				28C7AE8618DE059F004F485D /* InfoPlist.strings in Resources */,
				28C7AE8F18DE059F004F485D /* Main.storyboard in Resources */,
				280A68621904D2C700C2475D /* s1.png in Resources */,
				28080FBD191833FC00FE8EF2 /* comment_on_24.png in Resources */,
				28080FAE1917F1B100FE8EF2 /* comment-square-2x.png in Resources */,
				28080FCE19183EF600FE8EF2 /* compose_64.png in Resources */,
				2819F42A18F137B7008DB3F6 /* FB-f-Logo__blue_50.png in Resources */,
				28080FB41917F68500FE8EF2 /* heart-3x.png in Resources */,
				2808BA6A18E885A900CC64B7 /* emoticon_nervous.png in Resources */,
				2808BA6918E885A900CC64B7 /* emoticon_lol.png in Resources */,
				28F00EB0191A1C3900DC2F42 /* post_64.png in Resources */,
				280A68631904D2C700C2475D /* s2.png in Resources */,
				28080FBE191833FC00FE8EF2 /* heart_off_24.png in Resources */,
				2808BA6C18E885A900CC64B7 /* emoticon_smile.png in Resources */,
			);
			runOnlyForDeploymentPostprocessing = 0;
		};
		28C7AE9718DE059F004F485D /* Resources */ = {
			isa = PBXResourcesBuildPhase;
			buildActionMask = 2147483647;
			files = (
				28C7AEA518DE059F004F485D /* InfoPlist.strings in Resources */,
			);
			runOnlyForDeploymentPostprocessing = 0;
		};
/* End PBXResourcesBuildPhase section */

/* Begin PBXSourcesBuildPhase section */
		28C7AE7418DE059F004F485D /* Sources */ = {
			isa = PBXSourcesBuildPhase;
			buildActionMask = 2147483647;
			files = (
				288FB5B618E1EA8300214DC5 /* NSDate+TimeAgo.m in Sources */,
				28080FA719161C7100FE8EF2 /* MLApiClient.m in Sources */,
				2808BA5E18E881DB00CC64B7 /* UIView+viewController.m in Sources */,
				286AD8B7191EC6900026CDFB /* MLPostInfo.m in Sources */,
				2808BA5B18E881B100CC64B7 /* InfiniteScrollPicker.m in Sources */,
				2819F41918F12562008DB3F6 /* RNGridMenu.m in Sources */,
				28C7AE8C18DE059F004F485D /* AppDelegate.m in Sources */,
				2808BA7C18E8C87F00CC64B7 /* SWLongPressGestureRecognizer.m in Sources */,
				2808BA7D18E8C87F00CC64B7 /* SWTableViewCell.m in Sources */,
				28080FD51918A00100FE8EF2 /* UIImage+BlurredFrame.m in Sources */,
				2808BA5818E7C5ED00CC64B7 /* KeychainItemWrapper.m in Sources */,
				28149FDF190E191200AB20D4 /* MainFeedViewController.m in Sources */,
				2808BA7A18E8C87F00CC64B7 /* NSMutableArray+SWUtilityButtons.m in Sources */,
				2808BA7F18E8C87F00CC64B7 /* SWUtilityButtonView.m in Sources */,
				2808BA7B18E8C87F00CC64B7 /* SWCellScrollView.m in Sources */,
				28080FAC1916E4A200FE8EF2 /* MLUserInfo.m in Sources */,
				28080FD61918A00100FE8EF2 /* UIImage+ImageEffects.m in Sources */,
				2808BA7E18E8C87F00CC64B7 /* SWUtilityButtonTapGestureRecognizer.m in Sources */,
				28C7AE8818DE059F004F485D /* main.m in Sources */,
				28E67A7518FBBDE2001F81E1 /* NewLogInViewController.m in Sources */,
			);
			runOnlyForDeploymentPostprocessing = 0;
		};
		28C7AE9518DE059F004F485D /* Sources */ = {
			isa = PBXSourcesBuildPhase;
			buildActionMask = 2147483647;
			files = (
				28C7AEA718DE059F004F485D /* test1Tests.m in Sources */,
			);
			runOnlyForDeploymentPostprocessing = 0;
		};
/* End PBXSourcesBuildPhase section */

/* Begin PBXTargetDependency section */
		28C7AE9F18DE059F004F485D /* PBXTargetDependency */ = {
			isa = PBXTargetDependency;
			target = 28C7AE7718DE059F004F485D /* test1 */;
			targetProxy = 28C7AE9E18DE059F004F485D /* PBXContainerItemProxy */;
		};
/* End PBXTargetDependency section */

/* Begin PBXVariantGroup section */
		28C7AE8418DE059F004F485D /* InfoPlist.strings */ = {
			isa = PBXVariantGroup;
			children = (
				28C7AE8518DE059F004F485D /* en */,
			);
			name = InfoPlist.strings;
			sourceTree = "<group>";
		};
		28C7AE8D18DE059F004F485D /* Main.storyboard */ = {
			isa = PBXVariantGroup;
			children = (
				28C7AE8E18DE059F004F485D /* Base */,
			);
			name = Main.storyboard;
			sourceTree = "<group>";
		};
		28C7AEA318DE059F004F485D /* InfoPlist.strings */ = {
			isa = PBXVariantGroup;
			children = (
				28C7AEA418DE059F004F485D /* en */,
			);
			name = InfoPlist.strings;
			sourceTree = "<group>";
		};
/* End PBXVariantGroup section */

/* Begin XCBuildConfiguration section */
		28C7AEA818DE059F004F485D /* Debug */ = {
			isa = XCBuildConfiguration;
			buildSettings = {
				ALWAYS_SEARCH_USER_PATHS = NO;
				CLANG_CXX_LANGUAGE_STANDARD = "gnu++0x";
				CLANG_CXX_LIBRARY = "libc++";
				CLANG_ENABLE_MODULES = YES;
				CLANG_ENABLE_OBJC_ARC = YES;
				CLANG_WARN_BOOL_CONVERSION = YES;
				CLANG_WARN_CONSTANT_CONVERSION = YES;
				CLANG_WARN_DIRECT_OBJC_ISA_USAGE = YES_ERROR;
				CLANG_WARN_EMPTY_BODY = YES;
				CLANG_WARN_ENUM_CONVERSION = YES;
				CLANG_WARN_INT_CONVERSION = YES;
				CLANG_WARN_OBJC_ROOT_CLASS = YES_ERROR;
				CLANG_WARN__DUPLICATE_METHOD_MATCH = YES;
				"CODE_SIGN_IDENTITY[sdk=iphoneos*]" = "iPhone Developer";
				COPY_PHASE_STRIP = NO;
				GCC_C_LANGUAGE_STANDARD = gnu99;
				GCC_DYNAMIC_NO_PIC = NO;
				GCC_OPTIMIZATION_LEVEL = 0;
				GCC_PREPROCESSOR_DEFINITIONS = (
					"DEBUG=1",
					"$(inherited)",
				);
				GCC_SYMBOLS_PRIVATE_EXTERN = NO;
				GCC_WARN_64_TO_32_BIT_CONVERSION = YES;
				GCC_WARN_ABOUT_RETURN_TYPE = YES_ERROR;
				GCC_WARN_UNDECLARED_SELECTOR = YES;
				GCC_WARN_UNINITIALIZED_AUTOS = YES_AGGRESSIVE;
				GCC_WARN_UNUSED_FUNCTION = YES;
				GCC_WARN_UNUSED_VARIABLE = YES;
				IPHONEOS_DEPLOYMENT_TARGET = 7.1;
				ONLY_ACTIVE_ARCH = YES;
				SDKROOT = iphoneos;
			};
			name = Debug;
		};
		28C7AEA918DE059F004F485D /* Release */ = {
			isa = XCBuildConfiguration;
			buildSettings = {
				ALWAYS_SEARCH_USER_PATHS = NO;
				CLANG_CXX_LANGUAGE_STANDARD = "gnu++0x";
				CLANG_CXX_LIBRARY = "libc++";
				CLANG_ENABLE_MODULES = YES;
				CLANG_ENABLE_OBJC_ARC = YES;
				CLANG_WARN_BOOL_CONVERSION = YES;
				CLANG_WARN_CONSTANT_CONVERSION = YES;
				CLANG_WARN_DIRECT_OBJC_ISA_USAGE = YES_ERROR;
				CLANG_WARN_EMPTY_BODY = YES;
				CLANG_WARN_ENUM_CONVERSION = YES;
				CLANG_WARN_INT_CONVERSION = YES;
				CLANG_WARN_OBJC_ROOT_CLASS = YES_ERROR;
				CLANG_WARN__DUPLICATE_METHOD_MATCH = YES;
				"CODE_SIGN_IDENTITY[sdk=iphoneos*]" = "iPhone Developer";
				COPY_PHASE_STRIP = YES;
				ENABLE_NS_ASSERTIONS = NO;
				GCC_C_LANGUAGE_STANDARD = gnu99;
				GCC_WARN_64_TO_32_BIT_CONVERSION = YES;
				GCC_WARN_ABOUT_RETURN_TYPE = YES_ERROR;
				GCC_WARN_UNDECLARED_SELECTOR = YES;
				GCC_WARN_UNINITIALIZED_AUTOS = YES_AGGRESSIVE;
				GCC_WARN_UNUSED_FUNCTION = YES;
				GCC_WARN_UNUSED_VARIABLE = YES;
				IPHONEOS_DEPLOYMENT_TARGET = 7.1;
				SDKROOT = iphoneos;
				VALIDATE_PRODUCT = YES;
			};
			name = Release;
		};
		28C7AEAB18DE059F004F485D /* Debug */ = {
			isa = XCBuildConfiguration;
			buildSettings = {
				ARCHS = (
					armv7s,
					armv7,
				);
				ASSETCATALOG_COMPILER_APPICON_NAME = AppIcon;
				ASSETCATALOG_COMPILER_LAUNCHIMAGE_NAME = LaunchImage;
				CODE_SIGN_IDENTITY = "iPhone Developer";
				FRAMEWORK_SEARCH_PATHS = (
					../,
					"$(inherited)",
				);
				GCC_PRECOMPILE_PREFIX_HEADER = YES;
				GCC_PREFIX_HEADER = "test1/test1-Prefix.pch";
				INFOPLIST_FILE = "test1/test1-Info.plist";
				IPHONEOS_DEPLOYMENT_TARGET = 7.0;
				LIBRARY_SEARCH_PATHS = (
					"$(inherited)",
					"$(PROJECT_DIR)/test1",
					/private/tmp/wchat/SDKExport,
					/Users/timcheng/tutor/WeChat,
				);
				OTHER_LDFLAGS = "-ObjC";
				PRODUCT_NAME = "$(TARGET_NAME)";
				WRAPPER_EXTENSION = app;
			};
			name = Debug;
		};
		28C7AEAC18DE059F004F485D /* Release */ = {
			isa = XCBuildConfiguration;
			buildSettings = {
				ARCHS = (
					armv7s,
					armv7,
				);
				ASSETCATALOG_COMPILER_APPICON_NAME = AppIcon;
				ASSETCATALOG_COMPILER_LAUNCHIMAGE_NAME = LaunchImage;
				CODE_SIGN_IDENTITY = "iPhone Developer";
				FRAMEWORK_SEARCH_PATHS = (
					../,
					"$(inherited)",
				);
				GCC_PRECOMPILE_PREFIX_HEADER = YES;
				GCC_PREFIX_HEADER = "test1/test1-Prefix.pch";
				INFOPLIST_FILE = "test1/test1-Info.plist";
				IPHONEOS_DEPLOYMENT_TARGET = 7.0;
				LIBRARY_SEARCH_PATHS = (
					"$(inherited)",
					"$(PROJECT_DIR)/test1",
					/private/tmp/wchat/SDKExport,
					/Users/timcheng/tutor/WeChat,
				);
				OTHER_LDFLAGS = "-ObjC";
				PRODUCT_NAME = "$(TARGET_NAME)";
				WRAPPER_EXTENSION = app;
			};
			name = Release;
		};
		28C7AEAE18DE059F004F485D /* Debug */ = {
			isa = XCBuildConfiguration;
			buildSettings = {
				BUNDLE_LOADER = "$(BUILT_PRODUCTS_DIR)/test1.app/test1";
				FRAMEWORK_SEARCH_PATHS = (
					"$(SDKROOT)/Developer/Library/Frameworks",
					"$(inherited)",
					"$(DEVELOPER_FRAMEWORKS_DIR)",
				);
				GCC_PRECOMPILE_PREFIX_HEADER = YES;
				GCC_PREFIX_HEADER = "test1/test1-Prefix.pch";
				GCC_PREPROCESSOR_DEFINITIONS = (
					"DEBUG=1",
					"$(inherited)",
				);
				INFOPLIST_FILE = "test1Tests/test1Tests-Info.plist";
				PRODUCT_NAME = "$(TARGET_NAME)";
				TEST_HOST = "$(BUNDLE_LOADER)";
				WRAPPER_EXTENSION = xctest;
			};
			name = Debug;
		};
		28C7AEAF18DE059F004F485D /* Release */ = {
			isa = XCBuildConfiguration;
			buildSettings = {
				BUNDLE_LOADER = "$(BUILT_PRODUCTS_DIR)/test1.app/test1";
				FRAMEWORK_SEARCH_PATHS = (
					"$(SDKROOT)/Developer/Library/Frameworks",
					"$(inherited)",
					"$(DEVELOPER_FRAMEWORKS_DIR)",
				);
				GCC_PRECOMPILE_PREFIX_HEADER = YES;
				GCC_PREFIX_HEADER = "test1/test1-Prefix.pch";
				INFOPLIST_FILE = "test1Tests/test1Tests-Info.plist";
				PRODUCT_NAME = "$(TARGET_NAME)";
				TEST_HOST = "$(BUNDLE_LOADER)";
				WRAPPER_EXTENSION = xctest;
			};
			name = Release;
		};
/* End XCBuildConfiguration section */

/* Begin XCConfigurationList section */
		28C7AE7318DE059F004F485D /* Build configuration list for PBXProject "test1" */ = {
			isa = XCConfigurationList;
			buildConfigurations = (
				28C7AEA818DE059F004F485D /* Debug */,
				28C7AEA918DE059F004F485D /* Release */,
			);
			defaultConfigurationIsVisible = 0;
			defaultConfigurationName = Release;
		};
		28C7AEAA18DE059F004F485D /* Build configuration list for PBXNativeTarget "test1" */ = {
			isa = XCConfigurationList;
			buildConfigurations = (
				28C7AEAB18DE059F004F485D /* Debug */,
				28C7AEAC18DE059F004F485D /* Release */,
			);
			defaultConfigurationIsVisible = 0;
			defaultConfigurationName = Release;
		};
		28C7AEAD18DE059F004F485D /* Build configuration list for PBXNativeTarget "test1Tests" */ = {
			isa = XCConfigurationList;
			buildConfigurations = (
				28C7AEAE18DE059F004F485D /* Debug */,
				28C7AEAF18DE059F004F485D /* Release */,
			);
			defaultConfigurationIsVisible = 0;
			defaultConfigurationName = Release;
		};
/* End XCConfigurationList section */
	};
	rootObject = 28C7AE7018DE059F004F485D /* Project object */;
}
